// !$*UTF8*$!
{
	archiveVersion = 1;
	classes = {
	};
	objectVersion = 46;
	objects = {

/* Begin PBXBuildFile section */
		91AEC9FB1DF2FD90007D3FF2 /* AppDelegate.swift in Sources */ = {isa = PBXBuildFile; fileRef = 91AEC9FA1DF2FD90007D3FF2 /* AppDelegate.swift */; };
		91AEC9FD1DF2FD90007D3FF2 /* GameScene.sks in Resources */ = {isa = PBXBuildFile; fileRef = 91AEC9FC1DF2FD90007D3FF2 /* GameScene.sks */; };
		91AEC9FF1DF2FD90007D3FF2 /* GameScene.swift in Sources */ = {isa = PBXBuildFile; fileRef = 91AEC9FE1DF2FD90007D3FF2 /* GameScene.swift */; };
		91AECA011DF2FD90007D3FF2 /* GameViewController.swift in Sources */ = {isa = PBXBuildFile; fileRef = 91AECA001DF2FD90007D3FF2 /* GameViewController.swift */; };
		91AECA041DF2FD90007D3FF2 /* Main.storyboard in Resources */ = {isa = PBXBuildFile; fileRef = 91AECA021DF2FD90007D3FF2 /* Main.storyboard */; };
		91AECA061DF2FD90007D3FF2 /* Assets.xcassets in Resources */ = {isa = PBXBuildFile; fileRef = 91AECA051DF2FD90007D3FF2 /* Assets.xcassets */; };
		91AECA091DF2FD90007D3FF2 /* LaunchScreen.storyboard in Resources */ = {isa = PBXBuildFile; fileRef = 91AECA071DF2FD90007D3FF2 /* LaunchScreen.storyboard */; };
		91AECA141DF2FD90007D3FF2 /* APP_Tests.swift in Sources */ = {isa = PBXBuildFile; fileRef = 91AECA131DF2FD90007D3FF2 /* APP_Tests.swift */; };
/* End PBXBuildFile section */

/* Begin PBXContainerItemProxy section */
		91AECA101DF2FD90007D3FF2 /* PBXContainerItemProxy */ = {
			isa = PBXContainerItemProxy;
			containerPortal = 91AEC9EF1DF2FD8F007D3FF2 /* Project object */;
			proxyType = 1;
			remoteGlobalIDString = 91AEC9F61DF2FD8F007D3FF2;
			remoteInfo = APP_;
		};
/* End PBXContainerItemProxy section */

/* Begin PBXFileReference section */
		91AEC9F71DF2FD90007D3FF2 /* APP_.app */ = {isa = PBXFileReference; explicitFileType = wrapper.application; includeInIndex = 0; path = APP_.app; sourceTree = BUILT_PRODUCTS_DIR; };
		91AEC9FA1DF2FD90007D3FF2 /* AppDelegate.swift */ = {isa = PBXFileReference; lastKnownFileType = sourcecode.swift; path = AppDelegate.swift; sourceTree = "<group>"; };
		91AEC9FC1DF2FD90007D3FF2 /* GameScene.sks */ = {isa = PBXFileReference; lastKnownFileType = file.sks; path = GameScene.sks; sourceTree = "<group>"; };
		91AEC9FE1DF2FD90007D3FF2 /* GameScene.swift */ = {isa = PBXFileReference; lastKnownFileType = sourcecode.swift; path = GameScene.swift; sourceTree = "<group>"; };
		91AECA001DF2FD90007D3FF2 /* GameViewController.swift */ = {isa = PBXFileReference; lastKnownFileType = sourcecode.swift; path = GameViewController.swift; sourceTree = "<group>"; };
		91AECA031DF2FD90007D3FF2 /* Base */ = {isa = PBXFileReference; lastKnownFileType = file.storyboard; name = Base; path = Base.lproj/Main.storyboard; sourceTree = "<group>"; };
		91AECA051DF2FD90007D3FF2 /* Assets.xcassets */ = {isa = PBXFileReference; lastKnownFileType = folder.assetcatalog; path = Assets.xcassets; sourceTree = "<group>"; };
		91AECA081DF2FD90007D3FF2 /* Base */ = {isa = PBXFileReference; lastKnownFileType = file.storyboard; name = Base; path = Base.lproj/LaunchScreen.storyboard; sourceTree = "<group>"; };
		91AECA0A1DF2FD90007D3FF2 /* Info.plist */ = {isa = PBXFileReference; lastKnownFileType = text.plist.xml; path = Info.plist; sourceTree = "<group>"; };
		91AECA0F1DF2FD90007D3FF2 /* APP_Tests.xctest */ = {isa = PBXFileReference; explicitFileType = wrapper.cfbundle; includeInIndex = 0; path = APP_Tests.xctest; sourceTree = BUILT_PRODUCTS_DIR; };
		91AECA131DF2FD90007D3FF2 /* APP_Tests.swift */ = {isa = PBXFileReference; lastKnownFileType = sourcecode.swift; path = APP_Tests.swift; sourceTree = "<group>"; };
		91AECA151DF2FD90007D3FF2 /* Info.plist */ = {isa = PBXFileReference; lastKnownFileType = text.plist.xml; path = Info.plist; sourceTree = "<group>"; };
/* End PBXFileReference section */

/* Begin PBXFrameworksBuildPhase section */
		91AEC9F41DF2FD8F007D3FF2 /* Frameworks */ = {
			isa = PBXFrameworksBuildPhase;
			buildActionMask = 2147483647;
			files = (
			);
			runOnlyForDeploymentPostprocessing = 0;
		};
		91AECA0C1DF2FD90007D3FF2 /* Frameworks */ = {
			isa = PBXFrameworksBuildPhase;
			buildActionMask = 2147483647;
			files = (
			);
			runOnlyForDeploymentPostprocessing = 0;
		};
/* End PBXFrameworksBuildPhase section */

/* Begin PBXGroup section */
		91AEC9EE1DF2FD8F007D3FF2 = {
			isa = PBXGroup;
			children = (
				91AEC9F91DF2FD90007D3FF2 /* APP_ */,
				91AECA121DF2FD90007D3FF2 /* APP_Tests */,
				91AEC9F81DF2FD90007D3FF2 /* Products */,
			);
			sourceTree = "<group>";
		};
		91AEC9F81DF2FD90007D3FF2 /* Products */ = {
			isa = PBXGroup;
			children = (
				91AEC9F71DF2FD90007D3FF2 /* APP_.app */,
				91AECA0F1DF2FD90007D3FF2 /* APP_Tests.xctest */,
			);
			name = Products;
			sourceTree = "<group>";
		};
		91AEC9F91DF2FD90007D3FF2 /* APP_ */ = {
			isa = PBXGroup;
			children = (
				91AEC9FA1DF2FD90007D3FF2 /* AppDelegate.swift */,
				91AEC9FC1DF2FD90007D3FF2 /* GameScene.sks */,
				91AEC9FE1DF2FD90007D3FF2 /* GameScene.swift */,
				91AECA001DF2FD90007D3FF2 /* GameViewController.swift */,
				91AECA021DF2FD90007D3FF2 /* Main.storyboard */,
				91AECA051DF2FD90007D3FF2 /* Assets.xcassets */,
				91AECA071DF2FD90007D3FF2 /* LaunchScreen.storyboard */,
				91AECA0A1DF2FD90007D3FF2 /* Info.plist */,
			);
			path = APP_;
			sourceTree = "<group>";
		};
		91AECA121DF2FD90007D3FF2 /* APP_Tests */ = {
			isa = PBXGroup;
			children = (
				91AECA131DF2FD90007D3FF2 /* APP_Tests.swift */,
				91AECA151DF2FD90007D3FF2 /* Info.plist */,
			);
			path = APP_Tests;
			sourceTree = "<group>";
		};
/* End PBXGroup section */

/* Begin PBXNativeTarget section */
		91AEC9F61DF2FD8F007D3FF2 /* APP_ */ = {
			isa = PBXNativeTarget;
			buildConfigurationList = 91AECA181DF2FD90007D3FF2 /* Build configuration list for PBXNativeTarget "APP_" */;
			buildPhases = (
				91AEC9F31DF2FD8F007D3FF2 /* Sources */,
				91AEC9F41DF2FD8F007D3FF2 /* Frameworks */,
				91AEC9F51DF2FD8F007D3FF2 /* Resources */,
			);
			buildRules = (
			);
			dependencies = (
			);
			name = APP_;
			productName = APP_;
			productReference = 91AEC9F71DF2FD90007D3FF2 /* APP_.app */;
			productType = "com.apple.product-type.application";
		};
		91AECA0E1DF2FD90007D3FF2 /* APP_Tests */ = {
			isa = PBXNativeTarget;
			buildConfigurationList = 91AECA1B1DF2FD90007D3FF2 /* Build configuration list for PBXNativeTarget "APP_Tests" */;
			buildPhases = (
				91AECA0B1DF2FD90007D3FF2 /* Sources */,
				91AECA0C1DF2FD90007D3FF2 /* Frameworks */,
				91AECA0D1DF2FD90007D3FF2 /* Resources */,
			);
			buildRules = (
			);
			dependencies = (
				91AECA111DF2FD90007D3FF2 /* PBXTargetDependency */,
			);
			name = APP_Tests;
			productName = APP_Tests;
			productReference = 91AECA0F1DF2FD90007D3FF2 /* APP_Tests.xctest */;
			productType = "com.apple.product-type.bundle.unit-test";
		};
/* End PBXNativeTarget section */

/* Begin PBXProject section */
		91AEC9EF1DF2FD8F007D3FF2 /* Project object */ = {
			isa = PBXProject;
			attributes = {
				LastSwiftUpdateCheck = 0730;
				LastUpgradeCheck = 0730;
				ORGANIZATIONNAME = hiep;
				TargetAttributes = {
					91AEC9F61DF2FD8F007D3FF2 = {
						CreatedOnToolsVersion = 7.3.1;
					};
					91AECA0E1DF2FD90007D3FF2 = {
						CreatedOnToolsVersion = 7.3.1;
						TestTargetID = 91AEC9F61DF2FD8F007D3FF2;
					};
				};
			};
			buildConfigurationList = 91AEC9F21DF2FD8F007D3FF2 /* Build configuration list for PBXProject "APP_" */;
			compatibilityVersion = "Xcode 3.2";
			developmentRegion = English;
			hasScannedForEncodings = 0;
			knownRegions = (
				en,
				Base,
			);
			mainGroup = 91AEC9EE1DF2FD8F007D3FF2;
			productRefGroup = 91AEC9F81DF2FD90007D3FF2 /* Products */;
			projectDirPath = "";
			projectRoot = "";
			targets = (
				91AEC9F61DF2FD8F007D3FF2 /* APP_ */,
				91AECA0E1DF2FD90007D3FF2 /* APP_Tests */,
			);
		};
/* End PBXProject section */

/* Begin PBXResourcesBuildPhase section */
		91AEC9F51DF2FD8F007D3FF2 /* Resources */ = {
			isa = PBXResourcesBuildPhase;
			buildActionMask = 2147483647;
			files = (
				91AEC9FD1DF2FD90007D3FF2 /* GameScene.sks in Resources */,
				91AECA091DF2FD90007D3FF2 /* LaunchScreen.storyboard in Resources */,
				91AECA061DF2FD90007D3FF2 /* Assets.xcassets in Resources */,
				91AECA041DF2FD90007D3FF2 /* Main.storyboard in Resources */,
			);
			runOnlyForDeploymentPostprocessing = 0;
		};
		91AECA0D1DF2FD90007D3FF2 /* Resources */ = {
			isa = PBXResourcesBuildPhase;
			buildActionMask = 2147483647;
			files = (
			);
			runOnlyForDeploymentPostprocessing = 0;
		};
/* End PBXResourcesBuildPhase section */

/* Begin PBXSourcesBuildPhase section */
		91AEC9F31DF2FD8F007D3FF2 /* Sources */ = {
			isa = PBXSourcesBuildPhase;
			buildActionMask = 2147483647;
			files = (
				91AEC9FF1DF2FD90007D3FF2 /* GameScene.swift in Sources */,
				91AECA011DF2FD90007D3FF2 /* GameViewController.swift in Sources */,
				91AEC9FB1DF2FD90007D3FF2 /* AppDelegate.swift in Sources */,
			);
			runOnlyForDeploymentPostprocessing = 0;
		};
		91AECA0B1DF2FD90007D3FF2 /* Sources */ = {
			isa = PBXSourcesBuildPhase;
			buildActionMask = 2147483647;
			files = (
				91AECA141DF2FD90007D3FF2 /* APP_Tests.swift in Sources */,
			);
			runOnlyForDeploymentPostprocessing = 0;
		};
/* End PBXSourcesBuildPhase section */

/* Begin PBXTargetDependency section */
		91AECA111DF2FD90007D3FF2 /* PBXTargetDependency */ = {
			isa = PBXTargetDependency;
			target = 91AEC9F61DF2FD8F007D3FF2 /* APP_ */;
			targetProxy = 91AECA101DF2FD90007D3FF2 /* PBXContainerItemProxy */;
		};
/* End PBXTargetDependency section */

/* Begin PBXVariantGroup section */
		91AECA021DF2FD90007D3FF2 /* Main.storyboard */ = {
			isa = PBXVariantGroup;
			children = (
				91AECA031DF2FD90007D3FF2 /* Base */,
			);
			name = Main.storyboard;
			sourceTree = "<group>";
		};
		91AECA071DF2FD90007D3FF2 /* LaunchScreen.storyboard */ = {
			isa = PBXVariantGroup;
			children = (
				91AECA081DF2FD90007D3FF2 /* Base */,
			);
			name = LaunchScreen.storyboard;
			sourceTree = "<group>";
		};
/* End PBXVariantGroup section */

/* Begin XCBuildConfiguration section */
		91AECA161DF2FD90007D3FF2 /* Debug */ = {
			isa = XCBuildConfiguration;
			buildSettings = {
				ALWAYS_SEARCH_USER_PATHS = NO;
				CLANG_ANALYZER_NONNULL = YES;
				CLANG_CXX_LANGUAGE_STANDARD = "gnu++0x";
				CLANG_CXX_LIBRARY = "libc++";
				CLANG_ENABLE_MODULES = YES;
				CLANG_ENABLE_OBJC_ARC = YES;
				CLANG_WARN_BOOL_CONVERSION = YES;
				CLANG_WARN_CONSTANT_CONVERSION = YES;
				CLANG_WARN_DIRECT_OBJC_ISA_USAGE = YES_ERROR;
				CLANG_WARN_EMPTY_BODY = YES;
				CLANG_WARN_ENUM_CONVERSION = YES;
				CLANG_WARN_INT_CONVERSION = YES;
				CLANG_WARN_OBJC_ROOT_CLASS = YES_ERROR;
				CLANG_WARN_UNREACHABLE_CODE = YES;
				CLANG_WARN__DUPLICATE_METHOD_MATCH = YES;
				"CODE_SIGN_IDENTITY[sdk=iphoneos*]" = "iPhone Developer";
				COPY_PHASE_STRIP = NO;
				DEBUG_INFORMATION_FORMAT = "dwarf-with-dsym";
				ENABLE_STRICT_OBJC_MSGSEND = YES;
				ENABLE_TESTABILITY = YES;
				GCC_C_LANGUAGE_STANDARD = gnu99;
				GCC_DYNAMIC_NO_PIC = NO;
				GCC_NO_COMMON_BLOCKS = YES;
				GCC_OPTIMIZATION_LEVEL = 0;
				GCC_PREPROCESSOR_DEFINITIONS = (
					"DEBUG=1",
					"$(inherited)",
				);
				GCC_WARN_64_TO_32_BIT_CONVERSION = YES;
				GCC_WARN_ABOUT_RETURN_TYPE = YES_ERROR;
				GCC_WARN_UNDECLARED_SELECTOR = YES;
				GCC_WARN_UNINITIALIZED_AUTOS = YES_AGGRESSIVE;
				GCC_WARN_UNUSED_FUNCTION = YES;
				GCC_WARN_UNUSED_VARIABLE = YES;
				IPHONEOS_DEPLOYMENT_TARGET = 9.3;
				MTL_ENABLE_DEBUG_INFO = YES;
				ONLY_ACTIVE_ARCH = YES;
				SDKROOT = iphoneos;
				SWIFT_OPTIMIZATION_LEVEL = "-Onone";
			};
			name = Debug;
		};
		91AECA171DF2FD90007D3FF2 /* Release */ = {
			isa = XCBuildConfiguration;
			buildSettings = {
				ALWAYS_SEARCH_USER_PATHS = NO;
				CLANG_ANALYZER_NONNULL = YES;
				CLANG_CXX_LANGUAGE_STANDARD = "gnu++0x";
				CLANG_CXX_LIBRARY = "libc++";
				CLANG_ENABLE_MODULES = YES;
				CLANG_ENABLE_OBJC_ARC = YES;
				CLANG_WARN_BOOL_CONVERSION = YES;
				CLANG_WARN_CONSTANT_CONVERSION = YES;
				CLANG_WARN_DIRECT_OBJC_ISA_USAGE = YES_ERROR;
				CLANG_WARN_EMPTY_BODY = YES;
				CLANG_WARN_ENUM_CONVERSION = YES;
				CLANG_WARN_INT_CONVERSION = YES;
				CLANG_WARN_OBJC_ROOT_CLASS = YES_ERROR;
				CLANG_WARN_UNREACHABLE_CODE = YES;
				CLANG_WARN__DUPLICATE_METHOD_MATCH = YES;
				"CODE_SIGN_IDENTITY[sdk=iphoneos*]" = "iPhone Developer";
				COPY_PHASE_STRIP = NO;
				DEBUG_INFORMATION_FORMAT = "dwarf-with-dsym";
				ENABLE_NS_ASSERTIONS = NO;
				ENABLE_STRICT_OBJC_MSGSEND = YES;
				GCC_C_LANGUAGE_STANDARD = gnu99;
				GCC_NO_COMMON_BLOCKS = YES;
				GCC_WARN_64_TO_32_BIT_CONVERSION = YES;
				GCC_WARN_ABOUT_RETURN_TYPE = YES_ERROR;
				GCC_WARN_UNDECLARED_SELECTOR = YES;
				GCC_WARN_UNINITIALIZED_AUTOS = YES_AGGRESSIVE;
				GCC_WARN_UNUSED_FUNCTION = YES;
				GCC_WARN_UNUSED_VARIABLE = YES;
				IPHONEOS_DEPLOYMENT_TARGET = 9.3;
				MTL_ENABLE_DEBUG_INFO = NO;
				SDKROOT = iphoneos;
				VALIDATE_PRODUCT = YES;
			};
			name = Release;
		};
		91AECA191DF2FD90007D3FF2 /* Debug */ = {
			isa = XCBuildConfiguration;
			buildSettings = {
				ASSETCATALOG_COMPILER_APPICON_NAME = AppIcon;
				INFOPLIST_FILE = APP_/Info.plist;
				LD_RUNPATH_SEARCH_PATHS = "$(inherited) @executable_path/Frameworks";
				PRODUCT_BUNDLE_IDENTIFIER = "hiep.com.APP-";
				PRODUCT_NAME = "$(TARGET_NAME)";
			};
			name = Debug;
		};
		91AECA1A1DF2FD90007D3FF2 /* Release */ = {
			isa = XCBuildConfiguration;
			buildSettings = {
				ASSETCATALOG_COMPILER_APPICON_NAME = AppIcon;
				INFOPLIST_FILE = APP_/Info.plist;
				LD_RUNPATH_SEARCH_PATHS = "$(inherited) @executable_path/Frameworks";
				PRODUCT_BUNDLE_IDENTIFIER = "hiep.com.APP-";
				PRODUCT_NAME = "$(TARGET_NAME)";
			};
			name = Release;
		};
		91AECA1C1DF2FD90007D3FF2 /* Debug */ = {
			isa = XCBuildConfiguration;
			buildSettings = {
				BUNDLE_LOADER = "$(TEST_HOST)";
				DEBUG_INFORMATION_FORMAT = dwarf;
				INFOPLIST_FILE = APP_Tests/Info.plist;
				LD_RUNPATH_SEARCH_PATHS = "$(inherited) @executable_path/Frameworks @loader_path/Frameworks";
				PRODUCT_BUNDLE_IDENTIFIER = "hiep.com.APP-Tests";
				PRODUCT_NAME = "$(TARGET_NAME)";
				TEST_HOST = "$(BUILT_PRODUCTS_DIR)/APP_.app/APP_";
			};
			name = Debug;
		};
		91AECA1D1DF2FD90007D3FF2 /* Release */ = {
			isa = XCBuildConfiguration;
			buildSettings = {
				BUNDLE_LOADER = "$(TEST_HOST)";
				INFOPLIST_FILE = APP_Tests/Info.plist;
				LD_RUNPATH_SEARCH_PATHS = "$(inherited) @executable_path/Frameworks @loader_path/Frameworks";
				PRODUCT_BUNDLE_IDENTIFIER = "hiep.com.APP-Tests";
				PRODUCT_NAME = "$(TARGET_NAME)";
				TEST_HOST = "$(BUILT_PRODUCTS_DIR)/APP_.app/APP_";
			};
			name = Release;
		};
/* End XCBuildConfiguration section */

/* Begin XCConfigurationList section */
		91AEC9F21DF2FD8F007D3FF2 /* Build configuration list for PBXProject "APP_" */ = {
			isa = XCConfigurationList;
			buildConfigurations = (
				91AECA161DF2FD90007D3FF2 /* Debug */,
				91AECA171DF2FD90007D3FF2 /* Release */,
			);
			defaultConfigurationIsVisible = 0;
			defaultConfigurationName = Release;
		};
		91AECA181DF2FD90007D3FF2 /* Build configuration list for PBXNativeTarget "APP_" */ = {
			isa = XCConfigurationList;
			buildConfigurations = (
				91AECA191DF2FD90007D3FF2 /* Debug */,
				91AECA1A1DF2FD90007D3FF2 /* Release */,
			);
			defaultConfigurationIsVisible = 0;
		};
		91AECA1B1DF2FD90007D3FF2 /* Build configuration list for PBXNativeTarget "APP_Tests" */ = {
			isa = XCConfigurationList;
			buildConfigurations = (
				91AECA1C1DF2FD90007D3FF2 /* Debug */,
				91AECA1D1DF2FD90007D3FF2 /* Release */,
			);
			defaultConfigurationIsVisible = 0;
		};
/* End XCConfigurationList section */
	};
	rootObject = 91AEC9EF1DF2FD8F007D3FF2 /* Project object */;
}
